
Microsoft Visual Studio Solution File, Format Version 12.00
# Visual Studio 15
VisualStudioVersion = 15.0.27130.2010
MinimumVisualStudioVersion = 10.0.40219.1
Project("{8BC9CEB8-8B4A-11D0-8D11-00A0C91BC942}") = "The Arena", "The Arena\The Arena.vcxproj", "{D6B05B1B-0AFF-4578-BF47-F041ACC59374}"
EndProject
Global
	GlobalSection(SolutionConfigurationPlatforms) = preSolution
		Debug|x64 = Debug|x64
		Debug|x86 = Debug|x86
		Release|x64 = Release|x64
		Release|x86 = Release|x86
	EndGlobalSection
	GlobalSection(ProjectConfigurationPlatforms) = postSolution
		{D6B05B1B-0AFF-4578-BF47-F041ACC59374}.Debug|x64.ActiveCfg = Debug|Win32
		{D6B05B1B-0AFF-4578-BF47-F041ACC59374}.Debug|x64.Build.0 = Debug|Win32
		{D6B05B1B-0AFF-4578-BF47-F041ACC59374}.Debug|x86.ActiveCfg = Debug|Win32
		{D6B05B1B-0AFF-4578-BF47-F041ACC59374}.Debug|x86.Build.0 = Debug|Win32
		{D6B05B1B-0AFF-4578-BF47-F041ACC59374}.Release|x64.ActiveCfg = Release|Win32
		{D6B05B1B-0AFF-4578-BF47-F041ACC59374}.Release|x64.Build.0 = Release|Win32
		{D6B05B1B-0AFF-4578-BF47-F041ACC59374}.Release|x86.ActiveCfg = Release|Win32
		{D6B05B1B-0AFF-4578-BF47-F041ACC59374}.Release|x86.Build.0 = Release|Win32
	EndGlobalSection
	GlobalSection(SolutionProperties) = preSolution
		HideSolutionNode = FALSE
	EndGlobalSection
	GlobalSection(ExtensibilityGlobals) = postSolution
		SolutionGuid = {BCF65D18-305B-4CF4-8446-FC4AC4C319C7}
	EndGlobalSection
EndGlobal
